
Microsoft Visual Studio Solution File, Format Version 11.00
# Visual Studio 2010
Project("{FAE04EC0-301F-11D3-BF4B-00C04F79EFBC}") = "Samples XNA", "Farseer Physics Engine 3.3.1 Samples XNA\Samples XNA\Samples XNA\Samples XNA.csproj", "{1681ADA2-B2F3-4157-A603-82C742379856}"
EndProject
Project("{FAE04EC0-301F-11D3-BF4B-00C04F79EFBC}") = "Samples XNA Content", "Farseer Physics Engine 3.3.1 Samples XNA\Samples XNA\Samples XNAContent\Samples XNA Content.contentproj", "{C8D1B1FB-E7FA-4BCF-BC8A-4D5D93429F67}"
EndProject
Project("{FAE04EC0-301F-11D3-BF4B-00C04F79EFBC}") = "Farseer Physics XNA", "Farseer Physics Engine 3.3.1 Samples XNA\Farseer Physics Engine 3.3 XNA\Farseer Physics XNA.csproj", "{0A850700-1ABB-4288-A391-6726B90EBEB9}"
EndProject
Project("{FAE04EC0-301F-11D3-BF4B-00C04F79EFBC}") = "DebugView XNA", "Farseer Physics Engine 3.3.1 Samples XNA\DebugView XNA\DebugView XNA.csproj", "{FC7845FA-13FE-4FF8-822A-A577F3F59B00}"
EndProject
Project("{FAE04EC0-301F-11D3-BF4B-00C04F79EFBC}") = "DebugView XNA Content", "Farseer Physics Engine 3.3.1 Samples XNA\DebugView XNA\Content\DebugView XNA Content.contentproj", "{AC26EDE1-2A42-4A57-BEEE-9603FCAC9317}"
EndProject
Project("{FAE04EC0-301F-11D3-BF4B-00C04F79EFBC}") = "EscapeFromEnceladus", "EscapeFromEnceladus\EscapeFromEnceladus\EscapeFromEnceladus.csproj", "{6CF0E7DF-28BA-4E91-AED8-9BFB0B2BAA95}"
EndProject
Project("{FAE04EC0-301F-11D3-BF4B-00C04F79EFBC}") = "EscapeFromEnceladus Content", "EscapeFromEnceladus\EscapeFromEnceladusContent\EscapeFromEnceladus Content.contentproj", "{8AAD328F-336B-43B0-A03F-759118507A8D}"
EndProject
Global
	GlobalSection(SolutionConfigurationPlatforms) = preSolution
		Debug|Any CPU = Debug|Any CPU
		Debug|x86 = Debug|x86
		Release|Any CPU = Release|Any CPU
		Release|x86 = Release|x86
	EndGlobalSection
	GlobalSection(ProjectConfigurationPlatforms) = postSolution
		{1681ADA2-B2F3-4157-A603-82C742379856}.Debug|Any CPU.ActiveCfg = Debug|x86
		{1681ADA2-B2F3-4157-A603-82C742379856}.Debug|x86.ActiveCfg = Debug|x86
		{1681ADA2-B2F3-4157-A603-82C742379856}.Debug|x86.Build.0 = Debug|x86
		{1681ADA2-B2F3-4157-A603-82C742379856}.Release|Any CPU.ActiveCfg = Release|x86
		{1681ADA2-B2F3-4157-A603-82C742379856}.Release|x86.ActiveCfg = Release|x86
		{1681ADA2-B2F3-4157-A603-82C742379856}.Release|x86.Build.0 = Release|x86
		{C8D1B1FB-E7FA-4BCF-BC8A-4D5D93429F67}.Debug|Any CPU.ActiveCfg = Debug|x86
		{C8D1B1FB-E7FA-4BCF-BC8A-4D5D93429F67}.Debug|x86.ActiveCfg = Debug|x86
		{C8D1B1FB-E7FA-4BCF-BC8A-4D5D93429F67}.Release|Any CPU.ActiveCfg = Release|x86
		{C8D1B1FB-E7FA-4BCF-BC8A-4D5D93429F67}.Release|x86.ActiveCfg = Release|x86
		{0A850700-1ABB-4288-A391-6726B90EBEB9}.Debug|Any CPU.ActiveCfg = Debug|x86
		{0A850700-1ABB-4288-A391-6726B90EBEB9}.Debug|x86.ActiveCfg = Debug|x86
		{0A850700-1ABB-4288-A391-6726B90EBEB9}.Debug|x86.Build.0 = Debug|x86
		{0A850700-1ABB-4288-A391-6726B90EBEB9}.Release|Any CPU.ActiveCfg = Release|x86
		{0A850700-1ABB-4288-A391-6726B90EBEB9}.Release|x86.ActiveCfg = Release|x86
		{0A850700-1ABB-4288-A391-6726B90EBEB9}.Release|x86.Build.0 = Release|x86
		{FC7845FA-13FE-4FF8-822A-A577F3F59B00}.Debug|Any CPU.ActiveCfg = Debug|x86
		{FC7845FA-13FE-4FF8-822A-A577F3F59B00}.Debug|x86.ActiveCfg = Debug|x86
		{FC7845FA-13FE-4FF8-822A-A577F3F59B00}.Debug|x86.Build.0 = Debug|x86
		{FC7845FA-13FE-4FF8-822A-A577F3F59B00}.Release|Any CPU.ActiveCfg = Release|x86
		{FC7845FA-13FE-4FF8-822A-A577F3F59B00}.Release|x86.ActiveCfg = Release|x86
		{FC7845FA-13FE-4FF8-822A-A577F3F59B00}.Release|x86.Build.0 = Release|x86
		{AC26EDE1-2A42-4A57-BEEE-9603FCAC9317}.Debug|Any CPU.ActiveCfg = Debug|Any CPU
		{AC26EDE1-2A42-4A57-BEEE-9603FCAC9317}.Debug|x86.ActiveCfg = Debug|Any CPU
		{AC26EDE1-2A42-4A57-BEEE-9603FCAC9317}.Release|Any CPU.ActiveCfg = Debug|Any CPU
		{AC26EDE1-2A42-4A57-BEEE-9603FCAC9317}.Release|x86.ActiveCfg = Debug|Any CPU
		{6CF0E7DF-28BA-4E91-AED8-9BFB0B2BAA95}.Debug|Any CPU.ActiveCfg = Debug|x86
		{6CF0E7DF-28BA-4E91-AED8-9BFB0B2BAA95}.Debug|x86.ActiveCfg = Debug|x86
		{6CF0E7DF-28BA-4E91-AED8-9BFB0B2BAA95}.Debug|x86.Build.0 = Debug|x86
		{6CF0E7DF-28BA-4E91-AED8-9BFB0B2BAA95}.Release|Any CPU.ActiveCfg = Release|x86
		{6CF0E7DF-28BA-4E91-AED8-9BFB0B2BAA95}.Release|x86.ActiveCfg = Release|x86
		{6CF0E7DF-28BA-4E91-AED8-9BFB0B2BAA95}.Release|x86.Build.0 = Release|x86
		{8AAD328F-336B-43B0-A03F-759118507A8D}.Debug|Any CPU.ActiveCfg = Debug|x86
		{8AAD328F-336B-43B0-A03F-759118507A8D}.Debug|x86.ActiveCfg = Debug|x86
		{8AAD328F-336B-43B0-A03F-759118507A8D}.Release|Any CPU.ActiveCfg = Release|x86
		{8AAD328F-336B-43B0-A03F-759118507A8D}.Release|x86.ActiveCfg = Release|x86
	EndGlobalSection
	GlobalSection(SolutionProperties) = preSolution
		HideSolutionNode = FALSE
	EndGlobalSection
EndGlobal
